// !$*UTF8*$!
{
	archiveVersion = 1;
	classes = {
	};
	objectVersion = 52;
	objects = {

/* Begin PBXBuildFile section */
		091DDCA626EC2D84008E002E /* ViewModifiers.swift in Sources */ = {isa = PBXBuildFile; fileRef = 091DDCA526EC2D84008E002E /* ViewModifiers.swift */; };
		0936385026DDD8F10009FF06 /* ViewExtensions.swift in Sources */ = {isa = PBXBuildFile; fileRef = 0936384F26DDD8F10009FF06 /* ViewExtensions.swift */; };
		0936385226DDDD3F0009FF06 /* SignUpView.swift in Sources */ = {isa = PBXBuildFile; fileRef = 0936385126DDDD3F0009FF06 /* SignUpView.swift */; };
		0936385426DDE16A0009FF06 /* UserManager.swift in Sources */ = {isa = PBXBuildFile; fileRef = 0936385326DDE16A0009FF06 /* UserManager.swift */; };
		093638B626E112FB0009FF06 /* TennisAPI in Frameworks */ = {isa = PBXBuildFile; productRef = 093638B526E112FB0009FF06 /* TennisAPI */; };
		093638B826E113DC0009FF06 /* ViewModel.swift in Sources */ = {isa = PBXBuildFile; fileRef = 093638B726E113DC0009FF06 /* ViewModel.swift */; };
		095B1E5126EED368005EB7B1 /* Assets.xcassets in Resources */ = {isa = PBXBuildFile; fileRef = 095B1E5026EED368005EB7B1 /* Assets.xcassets */; };
		095B1E5726EED368005EB7B1 /* Watch Extension.appex in Embed App Extensions */ = {isa = PBXBuildFile; fileRef = 095B1E5626EED368005EB7B1 /* Watch Extension.appex */; settings = {ATTRIBUTES = (RemoveHeadersOnCopy, ); }; };
		095B1E5C26EED368005EB7B1 /* TennisApp.swift in Sources */ = {isa = PBXBuildFile; fileRef = 095B1E5B26EED368005EB7B1 /* TennisApp.swift */; };
		095B1E5E26EED368005EB7B1 /* ContentView.swift in Sources */ = {isa = PBXBuildFile; fileRef = 095B1E5D26EED368005EB7B1 /* ContentView.swift */; };
		095B1E6026EED368005EB7B1 /* NotificationController.swift in Sources */ = {isa = PBXBuildFile; fileRef = 095B1E5F26EED368005EB7B1 /* NotificationController.swift */; };
		095B1E6226EED368005EB7B1 /* NotificationView.swift in Sources */ = {isa = PBXBuildFile; fileRef = 095B1E6126EED368005EB7B1 /* NotificationView.swift */; };
		095B1E6426EED368005EB7B1 /* ComplicationController.swift in Sources */ = {isa = PBXBuildFile; fileRef = 095B1E6326EED368005EB7B1 /* ComplicationController.swift */; };
		095B1E6626EED36A005EB7B1 /* Assets.xcassets in Resources */ = {isa = PBXBuildFile; fileRef = 095B1E6526EED36A005EB7B1 /* Assets.xcassets */; };
		095B1E6926EED36A005EB7B1 /* Preview Assets.xcassets in Resources */ = {isa = PBXBuildFile; fileRef = 095B1E6826EED36A005EB7B1 /* Preview Assets.xcassets */; };
		095B1E7526EED36A005EB7B1 /* WatchTests.swift in Sources */ = {isa = PBXBuildFile; fileRef = 095B1E7426EED36A005EB7B1 /* WatchTests.swift */; };
		095B1E7F26EED36A005EB7B1 /* WatchUITests.swift in Sources */ = {isa = PBXBuildFile; fileRef = 095B1E7E26EED36A005EB7B1 /* WatchUITests.swift */; };
		095B1E8126EED36A005EB7B1 /* WatchUITestsLaunchTests.swift in Sources */ = {isa = PBXBuildFile; fileRef = 095B1E8026EED36A005EB7B1 /* WatchUITestsLaunchTests.swift */; };
		095B1E8426EED36A005EB7B1 /* Watch.app in Embed Watch Content */ = {isa = PBXBuildFile; fileRef = 095B1E4E26EED365005EB7B1 /* Watch.app */; settings = {ATTRIBUTES = (RemoveHeadersOnCopy, ); }; };
		0961660D26EB143600AB2462 /* ProfileView.swift in Sources */ = {isa = PBXBuildFile; fileRef = 0961660C26EB143600AB2462 /* ProfileView.swift */; };
		099AC76726FADB1500AA0023 /* MatchList.swift in Sources */ = {isa = PBXBuildFile; fileRef = 099AC76626FADB1400AA0023 /* MatchList.swift */; };
		09B5868326EA0EEE00BC8DD6 /* NewMatchView.swift in Sources */ = {isa = PBXBuildFile; fileRef = 09B5868226EA0EEE00BC8DD6 /* NewMatchView.swift */; };
		09DFC24326DCB8500055DD50 /* TennisApp.swift in Sources */ = {isa = PBXBuildFile; fileRef = 09DFC24226DCB8500055DD50 /* TennisApp.swift */; };
		09DFC24526DCB8500055DD50 /* LoginView.swift in Sources */ = {isa = PBXBuildFile; fileRef = 09DFC24426DCB8500055DD50 /* LoginView.swift */; };
		09DFC24726DCB8550055DD50 /* Assets.xcassets in Resources */ = {isa = PBXBuildFile; fileRef = 09DFC24626DCB8550055DD50 /* Assets.xcassets */; };
		09DFC24A26DCB8550055DD50 /* Preview Assets.xcassets in Resources */ = {isa = PBXBuildFile; fileRef = 09DFC24926DCB8550055DD50 /* Preview Assets.xcassets */; };
		09DFC25526DCB8550055DD50 /* TennisTests.swift in Sources */ = {isa = PBXBuildFile; fileRef = 09DFC25426DCB8550055DD50 /* TennisTests.swift */; };
		09DFC26026DCB8550055DD50 /* TennisUITests.swift in Sources */ = {isa = PBXBuildFile; fileRef = 09DFC25F26DCB8550055DD50 /* TennisUITests.swift */; };
		09DFC2C926DCD7340055DD50 /* KeychainSwift in Frameworks */ = {isa = PBXBuildFile; productRef = 09DFC2C826DCD7340055DD50 /* KeychainSwift */; };
		09F0B84A26E1A0B8006160CB /* CompsView.swift in Sources */ = {isa = PBXBuildFile; fileRef = 09F0B84926E1A0B8006160CB /* CompsView.swift */; };
		09F0B84D26E1A3B5006160CB /* ActivityIndicator in Frameworks */ = {isa = PBXBuildFile; productRef = 09F0B84C26E1A3B5006160CB /* ActivityIndicator */; };
		09F0B84F26E1B09D006160CB /* AlertView.swift in Sources */ = {isa = PBXBuildFile; fileRef = 09F0B84E26E1B09D006160CB /* AlertView.swift */; };
		09F0B85126E1B21A006160CB /* CreateCompView.swift in Sources */ = {isa = PBXBuildFile; fileRef = 09F0B85026E1B21A006160CB /* CreateCompView.swift */; };
		09F0B85326E1DDE3006160CB /* CompetitionView.swift in Sources */ = {isa = PBXBuildFile; fileRef = 09F0B85226E1DDE3006160CB /* CompetitionView.swift */; };
		09F0B85626E1F92C006160CB /* MatchView.swift in Sources */ = {isa = PBXBuildFile; fileRef = 09F0B85526E1F92C006160CB /* MatchView.swift */; };
		09F0B85A26E1FD5E006160CB /* APIExtensions.swift in Sources */ = {isa = PBXBuildFile; fileRef = 09F0B85926E1FD5E006160CB /* APIExtensions.swift */; };
/* End PBXBuildFile section */

/* Begin PBXContainerItemProxy section */
		095B1E5826EED368005EB7B1 /* PBXContainerItemProxy */ = {
			isa = PBXContainerItemProxy;
			containerPortal = 09DFC23726DCB8500055DD50 /* Project object */;
			proxyType = 1;
			remoteGlobalIDString = 095B1E5526EED368005EB7B1;
			remoteInfo = "Watch Extension";
		};
		095B1E7126EED36A005EB7B1 /* PBXContainerItemProxy */ = {
			isa = PBXContainerItemProxy;
			containerPortal = 09DFC23726DCB8500055DD50 /* Project object */;
			proxyType = 1;
			remoteGlobalIDString = 095B1E5526EED368005EB7B1;
			remoteInfo = "Watch Extension";
		};
		095B1E7B26EED36A005EB7B1 /* PBXContainerItemProxy */ = {
			isa = PBXContainerItemProxy;
			containerPortal = 09DFC23726DCB8500055DD50 /* Project object */;
			proxyType = 1;
			remoteGlobalIDString = 095B1E4D26EED365005EB7B1;
			remoteInfo = Watch;
		};
		095B1E8226EED36A005EB7B1 /* PBXContainerItemProxy */ = {
			isa = PBXContainerItemProxy;
			containerPortal = 09DFC23726DCB8500055DD50 /* Project object */;
			proxyType = 1;
			remoteGlobalIDString = 095B1E4D26EED365005EB7B1;
			remoteInfo = Watch;
		};
		09DFC25126DCB8550055DD50 /* PBXContainerItemProxy */ = {
			isa = PBXContainerItemProxy;
			containerPortal = 09DFC23726DCB8500055DD50 /* Project object */;
			proxyType = 1;
			remoteGlobalIDString = 09DFC23E26DCB8500055DD50;
			remoteInfo = Tennis;
		};
		09DFC25C26DCB8550055DD50 /* PBXContainerItemProxy */ = {
			isa = PBXContainerItemProxy;
			containerPortal = 09DFC23726DCB8500055DD50 /* Project object */;
			proxyType = 1;
			remoteGlobalIDString = 09DFC23E26DCB8500055DD50;
			remoteInfo = Tennis;
		};
/* End PBXContainerItemProxy section */

/* Begin PBXCopyFilesBuildPhase section */
		095B1E8526EED36A005EB7B1 /* Embed Watch Content */ = {
			isa = PBXCopyFilesBuildPhase;
			buildActionMask = 2147483647;
			dstPath = "$(CONTENTS_FOLDER_PATH)/Watch";
			dstSubfolderSpec = 16;
			files = (
				095B1E8426EED36A005EB7B1 /* Watch.app in Embed Watch Content */,
			);
			name = "Embed Watch Content";
			runOnlyForDeploymentPostprocessing = 0;
		};
		095B1E8826EED36A005EB7B1 /* Embed App Extensions */ = {
			isa = PBXCopyFilesBuildPhase;
			buildActionMask = 2147483647;
			dstPath = "";
			dstSubfolderSpec = 13;
			files = (
				095B1E5726EED368005EB7B1 /* Watch Extension.appex in Embed App Extensions */,
			);
			name = "Embed App Extensions";
			runOnlyForDeploymentPostprocessing = 0;
		};
/* End PBXCopyFilesBuildPhase section */

/* Begin PBXFileReference section */
		091DDCA526EC2D84008E002E /* ViewModifiers.swift */ = {isa = PBXFileReference; lastKnownFileType = sourcecode.swift; path = ViewModifiers.swift; sourceTree = "<group>"; };
		0936384F26DDD8F10009FF06 /* ViewExtensions.swift */ = {isa = PBXFileReference; lastKnownFileType = sourcecode.swift; path = ViewExtensions.swift; sourceTree = "<group>"; };
		0936385126DDDD3F0009FF06 /* SignUpView.swift */ = {isa = PBXFileReference; lastKnownFileType = sourcecode.swift; path = SignUpView.swift; sourceTree = "<group>"; };
		0936385326DDE16A0009FF06 /* UserManager.swift */ = {isa = PBXFileReference; lastKnownFileType = sourcecode.swift; path = UserManager.swift; sourceTree = "<group>"; };
		0936385526DDE63D0009FF06 /* Tennis.entitlements */ = {isa = PBXFileReference; lastKnownFileType = text.plist.entitlements; path = Tennis.entitlements; sourceTree = "<group>"; };
		093638B726E113DC0009FF06 /* ViewModel.swift */ = {isa = PBXFileReference; lastKnownFileType = sourcecode.swift; path = ViewModel.swift; sourceTree = "<group>"; };
		095B1E4E26EED365005EB7B1 /* Watch.app */ = {isa = PBXFileReference; explicitFileType = wrapper.application; includeInIndex = 0; path = Watch.app; sourceTree = BUILT_PRODUCTS_DIR; };
		095B1E5026EED368005EB7B1 /* Assets.xcassets */ = {isa = PBXFileReference; lastKnownFileType = folder.assetcatalog; path = Assets.xcassets; sourceTree = "<group>"; };
		095B1E5626EED368005EB7B1 /* Watch Extension.appex */ = {isa = PBXFileReference; explicitFileType = "wrapper.app-extension"; includeInIndex = 0; path = "Watch Extension.appex"; sourceTree = BUILT_PRODUCTS_DIR; };
		095B1E5B26EED368005EB7B1 /* TennisApp.swift */ = {isa = PBXFileReference; lastKnownFileType = sourcecode.swift; path = TennisApp.swift; sourceTree = "<group>"; };
		095B1E5D26EED368005EB7B1 /* ContentView.swift */ = {isa = PBXFileReference; lastKnownFileType = sourcecode.swift; path = ContentView.swift; sourceTree = "<group>"; };
		095B1E5F26EED368005EB7B1 /* NotificationController.swift */ = {isa = PBXFileReference; lastKnownFileType = sourcecode.swift; path = NotificationController.swift; sourceTree = "<group>"; };
		095B1E6126EED368005EB7B1 /* NotificationView.swift */ = {isa = PBXFileReference; lastKnownFileType = sourcecode.swift; path = NotificationView.swift; sourceTree = "<group>"; };
		095B1E6326EED368005EB7B1 /* ComplicationController.swift */ = {isa = PBXFileReference; lastKnownFileType = sourcecode.swift; path = ComplicationController.swift; sourceTree = "<group>"; };
		095B1E6526EED36A005EB7B1 /* Assets.xcassets */ = {isa = PBXFileReference; lastKnownFileType = folder.assetcatalog; path = Assets.xcassets; sourceTree = "<group>"; };
		095B1E6826EED36A005EB7B1 /* Preview Assets.xcassets */ = {isa = PBXFileReference; lastKnownFileType = folder.assetcatalog; path = "Preview Assets.xcassets"; sourceTree = "<group>"; };
		095B1E6A26EED36A005EB7B1 /* Info.plist */ = {isa = PBXFileReference; lastKnownFileType = text.plist.xml; path = Info.plist; sourceTree = "<group>"; };
		095B1E6B26EED36A005EB7B1 /* PushNotificationPayload.apns */ = {isa = PBXFileReference; lastKnownFileType = text; path = PushNotificationPayload.apns; sourceTree = "<group>"; };
		095B1E7026EED36A005EB7B1 /* WatchTests.xctest */ = {isa = PBXFileReference; explicitFileType = wrapper.cfbundle; includeInIndex = 0; path = WatchTests.xctest; sourceTree = BUILT_PRODUCTS_DIR; };
		095B1E7426EED36A005EB7B1 /* WatchTests.swift */ = {isa = PBXFileReference; lastKnownFileType = sourcecode.swift; path = WatchTests.swift; sourceTree = "<group>"; };
		095B1E7A26EED36A005EB7B1 /* WatchUITests.xctest */ = {isa = PBXFileReference; explicitFileType = wrapper.cfbundle; includeInIndex = 0; path = WatchUITests.xctest; sourceTree = BUILT_PRODUCTS_DIR; };
		095B1E7E26EED36A005EB7B1 /* WatchUITests.swift */ = {isa = PBXFileReference; lastKnownFileType = sourcecode.swift; path = WatchUITests.swift; sourceTree = "<group>"; };
		095B1E8026EED36A005EB7B1 /* WatchUITestsLaunchTests.swift */ = {isa = PBXFileReference; lastKnownFileType = sourcecode.swift; path = WatchUITestsLaunchTests.swift; sourceTree = "<group>"; };
		0961660C26EB143600AB2462 /* ProfileView.swift */ = {isa = PBXFileReference; lastKnownFileType = sourcecode.swift; path = ProfileView.swift; sourceTree = "<group>"; };
		099AC76626FADB1400AA0023 /* MatchList.swift */ = {isa = PBXFileReference; lastKnownFileType = sourcecode.swift; path = MatchList.swift; sourceTree = "<group>"; };
		09B5868226EA0EEE00BC8DD6 /* NewMatchView.swift */ = {isa = PBXFileReference; lastKnownFileType = sourcecode.swift; path = NewMatchView.swift; sourceTree = "<group>"; };
		09DFC23F26DCB8500055DD50 /* Tennis.app */ = {isa = PBXFileReference; explicitFileType = wrapper.application; includeInIndex = 0; path = Tennis.app; sourceTree = BUILT_PRODUCTS_DIR; };
		09DFC24226DCB8500055DD50 /* TennisApp.swift */ = {isa = PBXFileReference; lastKnownFileType = sourcecode.swift; path = TennisApp.swift; sourceTree = "<group>"; };
		09DFC24426DCB8500055DD50 /* LoginView.swift */ = {isa = PBXFileReference; lastKnownFileType = sourcecode.swift; path = LoginView.swift; sourceTree = "<group>"; };
		09DFC24626DCB8550055DD50 /* Assets.xcassets */ = {isa = PBXFileReference; lastKnownFileType = folder.assetcatalog; path = Assets.xcassets; sourceTree = "<group>"; };
		09DFC24926DCB8550055DD50 /* Preview Assets.xcassets */ = {isa = PBXFileReference; lastKnownFileType = folder.assetcatalog; path = "Preview Assets.xcassets"; sourceTree = "<group>"; };
		09DFC24B26DCB8550055DD50 /* Info.plist */ = {isa = PBXFileReference; lastKnownFileType = text.plist.xml; path = Info.plist; sourceTree = "<group>"; };
		09DFC25026DCB8550055DD50 /* TennisTests.xctest */ = {isa = PBXFileReference; explicitFileType = wrapper.cfbundle; includeInIndex = 0; path = TennisTests.xctest; sourceTree = BUILT_PRODUCTS_DIR; };
		09DFC25426DCB8550055DD50 /* TennisTests.swift */ = {isa = PBXFileReference; lastKnownFileType = sourcecode.swift; path = TennisTests.swift; sourceTree = "<group>"; };
		09DFC25626DCB8550055DD50 /* Info.plist */ = {isa = PBXFileReference; lastKnownFileType = text.plist.xml; path = Info.plist; sourceTree = "<group>"; };
		09DFC25B26DCB8550055DD50 /* TennisUITests.xctest */ = {isa = PBXFileReference; explicitFileType = wrapper.cfbundle; includeInIndex = 0; path = TennisUITests.xctest; sourceTree = BUILT_PRODUCTS_DIR; };
		09DFC25F26DCB8550055DD50 /* TennisUITests.swift */ = {isa = PBXFileReference; lastKnownFileType = sourcecode.swift; path = TennisUITests.swift; sourceTree = "<group>"; };
		09DFC26126DCB8550055DD50 /* Info.plist */ = {isa = PBXFileReference; lastKnownFileType = text.plist.xml; path = Info.plist; sourceTree = "<group>"; };
		09F0B84926E1A0B8006160CB /* CompsView.swift */ = {isa = PBXFileReference; lastKnownFileType = sourcecode.swift; path = CompsView.swift; sourceTree = "<group>"; };
		09F0B84E26E1B09D006160CB /* AlertView.swift */ = {isa = PBXFileReference; lastKnownFileType = sourcecode.swift; path = AlertView.swift; sourceTree = "<group>"; };
		09F0B85026E1B21A006160CB /* CreateCompView.swift */ = {isa = PBXFileReference; lastKnownFileType = sourcecode.swift; path = CreateCompView.swift; sourceTree = "<group>"; };
		09F0B85226E1DDE3006160CB /* CompetitionView.swift */ = {isa = PBXFileReference; lastKnownFileType = sourcecode.swift; path = CompetitionView.swift; sourceTree = "<group>"; };
		09F0B85526E1F92C006160CB /* MatchView.swift */ = {isa = PBXFileReference; lastKnownFileType = sourcecode.swift; path = MatchView.swift; sourceTree = "<group>"; };
		09F0B85926E1FD5E006160CB /* APIExtensions.swift */ = {isa = PBXFileReference; lastKnownFileType = sourcecode.swift; path = APIExtensions.swift; sourceTree = "<group>"; };
/* End PBXFileReference section */

/* Begin PBXFrameworksBuildPhase section */
		095B1E5326EED368005EB7B1 /* Frameworks */ = {
			isa = PBXFrameworksBuildPhase;
			buildActionMask = 2147483647;
			files = (
			);
			runOnlyForDeploymentPostprocessing = 0;
		};
		095B1E6D26EED36A005EB7B1 /* Frameworks */ = {
			isa = PBXFrameworksBuildPhase;
			buildActionMask = 2147483647;
			files = (
			);
			runOnlyForDeploymentPostprocessing = 0;
		};
		095B1E7726EED36A005EB7B1 /* Frameworks */ = {
			isa = PBXFrameworksBuildPhase;
			buildActionMask = 2147483647;
			files = (
			);
			runOnlyForDeploymentPostprocessing = 0;
		};
		09DFC23C26DCB8500055DD50 /* Frameworks */ = {
			isa = PBXFrameworksBuildPhase;
			buildActionMask = 2147483647;
			files = (
				09F0B84D26E1A3B5006160CB /* ActivityIndicator in Frameworks */,
				093638B626E112FB0009FF06 /* TennisAPI in Frameworks */,
				09DFC2C926DCD7340055DD50 /* KeychainSwift in Frameworks */,
			);
			runOnlyForDeploymentPostprocessing = 0;
		};
		09DFC24D26DCB8550055DD50 /* Frameworks */ = {
			isa = PBXFrameworksBuildPhase;
			buildActionMask = 2147483647;
			files = (
			);
			runOnlyForDeploymentPostprocessing = 0;
		};
		09DFC25826DCB8550055DD50 /* Frameworks */ = {
			isa = PBXFrameworksBuildPhase;
			buildActionMask = 2147483647;
			files = (
			);
			runOnlyForDeploymentPostprocessing = 0;
		};
/* End PBXFrameworksBuildPhase section */

/* Begin PBXGroup section */
		0936384E26DDD8E00009FF06 /* Extensions */ = {
			isa = PBXGroup;
			children = (
				0936384F26DDD8F10009FF06 /* ViewExtensions.swift */,
				09F0B85926E1FD5E006160CB /* APIExtensions.swift */,
				091DDCA526EC2D84008E002E /* ViewModifiers.swift */,
			);
			path = Extensions;
			sourceTree = "<group>";
		};
		095B1E4F26EED365005EB7B1 /* Watch */ = {
			isa = PBXGroup;
			children = (
				095B1E5026EED368005EB7B1 /* Assets.xcassets */,
			);
			path = Watch;
			sourceTree = "<group>";
		};
		095B1E5A26EED368005EB7B1 /* Watch Extension */ = {
			isa = PBXGroup;
			children = (
				095B1E5B26EED368005EB7B1 /* TennisApp.swift */,
				095B1E5D26EED368005EB7B1 /* ContentView.swift */,
				095B1E5F26EED368005EB7B1 /* NotificationController.swift */,
				095B1E6126EED368005EB7B1 /* NotificationView.swift */,
				095B1E6326EED368005EB7B1 /* ComplicationController.swift */,
				095B1E6526EED36A005EB7B1 /* Assets.xcassets */,
				095B1E6A26EED36A005EB7B1 /* Info.plist */,
				095B1E6B26EED36A005EB7B1 /* PushNotificationPayload.apns */,
				095B1E6726EED36A005EB7B1 /* Preview Content */,
			);
			path = "Watch Extension";
			sourceTree = "<group>";
		};
		095B1E6726EED36A005EB7B1 /* Preview Content */ = {
			isa = PBXGroup;
			children = (
				095B1E6826EED36A005EB7B1 /* Preview Assets.xcassets */,
			);
			path = "Preview Content";
			sourceTree = "<group>";
		};
		095B1E7326EED36A005EB7B1 /* WatchTests */ = {
			isa = PBXGroup;
			children = (
				095B1E7426EED36A005EB7B1 /* WatchTests.swift */,
			);
			path = WatchTests;
			sourceTree = "<group>";
		};
		095B1E7D26EED36A005EB7B1 /* WatchUITests */ = {
			isa = PBXGroup;
			children = (
				095B1E7E26EED36A005EB7B1 /* WatchUITests.swift */,
				095B1E8026EED36A005EB7B1 /* WatchUITestsLaunchTests.swift */,
			);
			path = WatchUITests;
			sourceTree = "<group>";
		};
		0961660B26EB141F00AB2462 /* ProfileViews */ = {
			isa = PBXGroup;
			children = (
				0961660C26EB143600AB2462 /* ProfileView.swift */,
			);
			path = ProfileViews;
			sourceTree = "<group>";
		};
		09DFC23626DCB8500055DD50 = {
			isa = PBXGroup;
			children = (
				09DFC24126DCB8500055DD50 /* Tennis */,
				09DFC25326DCB8550055DD50 /* TennisTests */,
				09DFC25E26DCB8550055DD50 /* TennisUITests */,
				095B1E4F26EED365005EB7B1 /* Watch */,
				095B1E5A26EED368005EB7B1 /* Watch Extension */,
				095B1E7326EED36A005EB7B1 /* WatchTests */,
				095B1E7D26EED36A005EB7B1 /* WatchUITests */,
				09DFC24026DCB8500055DD50 /* Products */,
			);
			sourceTree = "<group>";
		};
		09DFC24026DCB8500055DD50 /* Products */ = {
			isa = PBXGroup;
			children = (
				09DFC23F26DCB8500055DD50 /* Tennis.app */,
				09DFC25026DCB8550055DD50 /* TennisTests.xctest */,
				09DFC25B26DCB8550055DD50 /* TennisUITests.xctest */,
				095B1E4E26EED365005EB7B1 /* Watch.app */,
				095B1E5626EED368005EB7B1 /* Watch Extension.appex */,
				095B1E7026EED36A005EB7B1 /* WatchTests.xctest */,
				095B1E7A26EED36A005EB7B1 /* WatchUITests.xctest */,
			);
			name = Products;
			sourceTree = "<group>";
		};
		09DFC24126DCB8500055DD50 /* Tennis */ = {
			isa = PBXGroup;
			children = (
				0936384E26DDD8E00009FF06 /* Extensions */,
				09F0B84626E1A029006160CB /* AuthViews */,
				09F0B85426E1F90E006160CB /* MatchViews */,
				09F0B84826E1A095006160CB /* CompViews */,
				0961660B26EB141F00AB2462 /* ProfileViews */,
				09F0B84726E1A072006160CB /* Singleton */,
				09DFC24226DCB8500055DD50 /* TennisApp.swift */,
				09DFC24626DCB8550055DD50 /* Assets.xcassets */,
				09DFC24B26DCB8550055DD50 /* Info.plist */,
				09DFC24826DCB8550055DD50 /* Preview Content */,
				0936385526DDE63D0009FF06 /* Tennis.entitlements */,
			);
			path = Tennis;
			sourceTree = "<group>";
		};
		09DFC24826DCB8550055DD50 /* Preview Content */ = {
			isa = PBXGroup;
			children = (
				09DFC24926DCB8550055DD50 /* Preview Assets.xcassets */,
			);
			path = "Preview Content";
			sourceTree = "<group>";
		};
		09DFC25326DCB8550055DD50 /* TennisTests */ = {
			isa = PBXGroup;
			children = (
				09DFC25426DCB8550055DD50 /* TennisTests.swift */,
				09DFC25626DCB8550055DD50 /* Info.plist */,
			);
			path = TennisTests;
			sourceTree = "<group>";
		};
		09DFC25E26DCB8550055DD50 /* TennisUITests */ = {
			isa = PBXGroup;
			children = (
				09DFC25F26DCB8550055DD50 /* TennisUITests.swift */,
				09DFC26126DCB8550055DD50 /* Info.plist */,
			);
			path = TennisUITests;
			sourceTree = "<group>";
		};
		09F0B84626E1A029006160CB /* AuthViews */ = {
			isa = PBXGroup;
			children = (
				09DFC24426DCB8500055DD50 /* LoginView.swift */,
				0936385126DDDD3F0009FF06 /* SignUpView.swift */,
			);
			path = AuthViews;
			sourceTree = "<group>";
		};
		09F0B84726E1A072006160CB /* Singleton */ = {
			isa = PBXGroup;
			children = (
				0936385326DDE16A0009FF06 /* UserManager.swift */,
				093638B726E113DC0009FF06 /* ViewModel.swift */,
			);
			path = Singleton;
			sourceTree = "<group>";
		};
		09F0B84826E1A095006160CB /* CompViews */ = {
			isa = PBXGroup;
			children = (
				09F0B84926E1A0B8006160CB /* CompsView.swift */,
				09F0B84E26E1B09D006160CB /* AlertView.swift */,
				09F0B85026E1B21A006160CB /* CreateCompView.swift */,
				09F0B85226E1DDE3006160CB /* CompetitionView.swift */,
			);
			path = CompViews;
			sourceTree = "<group>";
		};
		09F0B85426E1F90E006160CB /* MatchViews */ = {
			isa = PBXGroup;
			children = (
				09F0B85526E1F92C006160CB /* MatchView.swift */,
				09B5868226EA0EEE00BC8DD6 /* NewMatchView.swift */,
				099AC76626FADB1400AA0023 /* MatchList.swift */,
			);
			path = MatchViews;
			sourceTree = "<group>";
		};
/* End PBXGroup section */

/* Begin PBXNativeTarget section */
		095B1E4D26EED365005EB7B1 /* Watch */ = {
			isa = PBXNativeTarget;
			buildConfigurationList = 095B1E9026EED36A005EB7B1 /* Build configuration list for PBXNativeTarget "Watch" */;
			buildPhases = (
				095B1E4C26EED365005EB7B1 /* Resources */,
				095B1E8826EED36A005EB7B1 /* Embed App Extensions */,
			);
			buildRules = (
			);
			dependencies = (
				095B1E5926EED368005EB7B1 /* PBXTargetDependency */,
			);
			name = Watch;
			productName = Watch;
			productReference = 095B1E4E26EED365005EB7B1 /* Watch.app */;
			productType = "com.apple.product-type.application.watchapp2";
		};
		095B1E5526EED368005EB7B1 /* Watch Extension */ = {
			isa = PBXNativeTarget;
			buildConfigurationList = 095B1E8F26EED36A005EB7B1 /* Build configuration list for PBXNativeTarget "Watch Extension" */;
			buildPhases = (
				095B1E5226EED368005EB7B1 /* Sources */,
				095B1E5326EED368005EB7B1 /* Frameworks */,
				095B1E5426EED368005EB7B1 /* Resources */,
			);
			buildRules = (
			);
			dependencies = (
			);
			name = "Watch Extension";
			productName = "Watch Extension";
			productReference = 095B1E5626EED368005EB7B1 /* Watch Extension.appex */;
			productType = "com.apple.product-type.watchkit2-extension";
		};
		095B1E6F26EED36A005EB7B1 /* WatchTests */ = {
			isa = PBXNativeTarget;
			buildConfigurationList = 095B1E9126EED36A005EB7B1 /* Build configuration list for PBXNativeTarget "WatchTests" */;
			buildPhases = (
				095B1E6C26EED36A005EB7B1 /* Sources */,
				095B1E6D26EED36A005EB7B1 /* Frameworks */,
				095B1E6E26EED36A005EB7B1 /* Resources */,
			);
			buildRules = (
			);
			dependencies = (
				095B1E7226EED36A005EB7B1 /* PBXTargetDependency */,
			);
			name = WatchTests;
			productName = WatchTests;
			productReference = 095B1E7026EED36A005EB7B1 /* WatchTests.xctest */;
			productType = "com.apple.product-type.bundle.unit-test";
		};
		095B1E7926EED36A005EB7B1 /* WatchUITests */ = {
			isa = PBXNativeTarget;
			buildConfigurationList = 095B1E9226EED36A005EB7B1 /* Build configuration list for PBXNativeTarget "WatchUITests" */;
			buildPhases = (
				095B1E7626EED36A005EB7B1 /* Sources */,
				095B1E7726EED36A005EB7B1 /* Frameworks */,
				095B1E7826EED36A005EB7B1 /* Resources */,
			);
			buildRules = (
			);
			dependencies = (
				095B1E7C26EED36A005EB7B1 /* PBXTargetDependency */,
			);
			name = WatchUITests;
			productName = WatchUITests;
			productReference = 095B1E7A26EED36A005EB7B1 /* WatchUITests.xctest */;
			productType = "com.apple.product-type.bundle.ui-testing";
		};
		09DFC23E26DCB8500055DD50 /* Tennis */ = {
			isa = PBXNativeTarget;
			buildConfigurationList = 09DFC26426DCB8550055DD50 /* Build configuration list for PBXNativeTarget "Tennis" */;
			buildPhases = (
				09DFC23B26DCB8500055DD50 /* Sources */,
				09DFC23C26DCB8500055DD50 /* Frameworks */,
				09DFC23D26DCB8500055DD50 /* Resources */,
				095B1E8526EED36A005EB7B1 /* Embed Watch Content */,
			);
			buildRules = (
			);
			dependencies = (
				095B1E8326EED36A005EB7B1 /* PBXTargetDependency */,
			);
			name = Tennis;
			packageProductDependencies = (
				09DFC2C826DCD7340055DD50 /* KeychainSwift */,
				093638B526E112FB0009FF06 /* TennisAPI */,
				09F0B84C26E1A3B5006160CB /* ActivityIndicator */,
			);
			productName = Tennis;
			productReference = 09DFC23F26DCB8500055DD50 /* Tennis.app */;
			productType = "com.apple.product-type.application";
		};
		09DFC24F26DCB8550055DD50 /* TennisTests */ = {
			isa = PBXNativeTarget;
			buildConfigurationList = 09DFC26726DCB8550055DD50 /* Build configuration list for PBXNativeTarget "TennisTests" */;
			buildPhases = (
				09DFC24C26DCB8550055DD50 /* Sources */,
				09DFC24D26DCB8550055DD50 /* Frameworks */,
				09DFC24E26DCB8550055DD50 /* Resources */,
			);
			buildRules = (
			);
			dependencies = (
				09DFC25226DCB8550055DD50 /* PBXTargetDependency */,
			);
			name = TennisTests;
			productName = TennisTests;
			productReference = 09DFC25026DCB8550055DD50 /* TennisTests.xctest */;
			productType = "com.apple.product-type.bundle.unit-test";
		};
		09DFC25A26DCB8550055DD50 /* TennisUITests */ = {
			isa = PBXNativeTarget;
			buildConfigurationList = 09DFC26A26DCB8550055DD50 /* Build configuration list for PBXNativeTarget "TennisUITests" */;
			buildPhases = (
				09DFC25726DCB8550055DD50 /* Sources */,
				09DFC25826DCB8550055DD50 /* Frameworks */,
				09DFC25926DCB8550055DD50 /* Resources */,
			);
			buildRules = (
			);
			dependencies = (
				09DFC25D26DCB8550055DD50 /* PBXTargetDependency */,
			);
			name = TennisUITests;
			productName = TennisUITests;
			productReference = 09DFC25B26DCB8550055DD50 /* TennisUITests.xctest */;
			productType = "com.apple.product-type.bundle.ui-testing";
		};
/* End PBXNativeTarget section */

/* Begin PBXProject section */
		09DFC23726DCB8500055DD50 /* Project object */ = {
			isa = PBXProject;
			attributes = {
				LastSwiftUpdateCheck = 1300;
				LastUpgradeCheck = 1250;
				TargetAttributes = {
					095B1E4D26EED365005EB7B1 = {
						CreatedOnToolsVersion = 13.0;
					};
					095B1E5526EED368005EB7B1 = {
						CreatedOnToolsVersion = 13.0;
					};
					095B1E6F26EED36A005EB7B1 = {
						CreatedOnToolsVersion = 13.0;
						TestTargetID = 095B1E5526EED368005EB7B1;
					};
					095B1E7926EED36A005EB7B1 = {
						CreatedOnToolsVersion = 13.0;
						TestTargetID = 095B1E4D26EED365005EB7B1;
					};
					09DFC23E26DCB8500055DD50 = {
						CreatedOnToolsVersion = 12.5;
					};
					09DFC24F26DCB8550055DD50 = {
						CreatedOnToolsVersion = 12.5;
						TestTargetID = 09DFC23E26DCB8500055DD50;
					};
					09DFC25A26DCB8550055DD50 = {
						CreatedOnToolsVersion = 12.5;
						TestTargetID = 09DFC23E26DCB8500055DD50;
					};
				};
			};
			buildConfigurationList = 09DFC23A26DCB8500055DD50 /* Build configuration list for PBXProject "Tennis" */;
			compatibilityVersion = "Xcode 9.3";
			developmentRegion = en;
			hasScannedForEncodings = 0;
			knownRegions = (
				en,
				Base,
			);
			mainGroup = 09DFC23626DCB8500055DD50;
			packageReferences = (
				09DFC2C726DCD7340055DD50 /* XCRemoteSwiftPackageReference "keychain-swift" */,
				093638B426E112FB0009FF06 /* XCRemoteSwiftPackageReference "tennis-api-swift-sdk" */,
				09F0B84B26E1A3B5006160CB /* XCRemoteSwiftPackageReference "ActivityIndicator" */,
			);
			productRefGroup = 09DFC24026DCB8500055DD50 /* Products */;
			projectDirPath = "";
			projectRoot = "";
			targets = (
				09DFC23E26DCB8500055DD50 /* Tennis */,
				09DFC24F26DCB8550055DD50 /* TennisTests */,
				09DFC25A26DCB8550055DD50 /* TennisUITests */,
				095B1E4D26EED365005EB7B1 /* Watch */,
				095B1E5526EED368005EB7B1 /* Watch Extension */,
				095B1E6F26EED36A005EB7B1 /* WatchTests */,
				095B1E7926EED36A005EB7B1 /* WatchUITests */,
			);
		};
/* End PBXProject section */

/* Begin PBXResourcesBuildPhase section */
		095B1E4C26EED365005EB7B1 /* Resources */ = {
			isa = PBXResourcesBuildPhase;
			buildActionMask = 2147483647;
			files = (
				095B1E5126EED368005EB7B1 /* Assets.xcassets in Resources */,
			);
			runOnlyForDeploymentPostprocessing = 0;
		};
		095B1E5426EED368005EB7B1 /* Resources */ = {
			isa = PBXResourcesBuildPhase;
			buildActionMask = 2147483647;
			files = (
				095B1E6926EED36A005EB7B1 /* Preview Assets.xcassets in Resources */,
				095B1E6626EED36A005EB7B1 /* Assets.xcassets in Resources */,
			);
			runOnlyForDeploymentPostprocessing = 0;
		};
		095B1E6E26EED36A005EB7B1 /* Resources */ = {
			isa = PBXResourcesBuildPhase;
			buildActionMask = 2147483647;
			files = (
			);
			runOnlyForDeploymentPostprocessing = 0;
		};
		095B1E7826EED36A005EB7B1 /* Resources */ = {
			isa = PBXResourcesBuildPhase;
			buildActionMask = 2147483647;
			files = (
			);
			runOnlyForDeploymentPostprocessing = 0;
		};
		09DFC23D26DCB8500055DD50 /* Resources */ = {
			isa = PBXResourcesBuildPhase;
			buildActionMask = 2147483647;
			files = (
				09DFC24A26DCB8550055DD50 /* Preview Assets.xcassets in Resources */,
				09DFC24726DCB8550055DD50 /* Assets.xcassets in Resources */,
			);
			runOnlyForDeploymentPostprocessing = 0;
		};
		09DFC24E26DCB8550055DD50 /* Resources */ = {
			isa = PBXResourcesBuildPhase;
			buildActionMask = 2147483647;
			files = (
			);
			runOnlyForDeploymentPostprocessing = 0;
		};
		09DFC25926DCB8550055DD50 /* Resources */ = {
			isa = PBXResourcesBuildPhase;
			buildActionMask = 2147483647;
			files = (
			);
			runOnlyForDeploymentPostprocessing = 0;
		};
/* End PBXResourcesBuildPhase section */

/* Begin PBXSourcesBuildPhase section */
		095B1E5226EED368005EB7B1 /* Sources */ = {
			isa = PBXSourcesBuildPhase;
			buildActionMask = 2147483647;
			files = (
				095B1E6026EED368005EB7B1 /* NotificationController.swift in Sources */,
				095B1E5E26EED368005EB7B1 /* ContentView.swift in Sources */,
				095B1E6426EED368005EB7B1 /* ComplicationController.swift in Sources */,
				095B1E5C26EED368005EB7B1 /* TennisApp.swift in Sources */,
				095B1E6226EED368005EB7B1 /* NotificationView.swift in Sources */,
			);
			runOnlyForDeploymentPostprocessing = 0;
		};
		095B1E6C26EED36A005EB7B1 /* Sources */ = {
			isa = PBXSourcesBuildPhase;
			buildActionMask = 2147483647;
			files = (
				095B1E7526EED36A005EB7B1 /* WatchTests.swift in Sources */,
			);
			runOnlyForDeploymentPostprocessing = 0;
		};
		095B1E7626EED36A005EB7B1 /* Sources */ = {
			isa = PBXSourcesBuildPhase;
			buildActionMask = 2147483647;
			files = (
				095B1E8126EED36A005EB7B1 /* WatchUITestsLaunchTests.swift in Sources */,
				095B1E7F26EED36A005EB7B1 /* WatchUITests.swift in Sources */,
			);
			runOnlyForDeploymentPostprocessing = 0;
		};
		09DFC23B26DCB8500055DD50 /* Sources */ = {
			isa = PBXSourcesBuildPhase;
			buildActionMask = 2147483647;
			files = (
				091DDCA626EC2D84008E002E /* ViewModifiers.swift in Sources */,
				09F0B85A26E1FD5E006160CB /* APIExtensions.swift in Sources */,
				09B5868326EA0EEE00BC8DD6 /* NewMatchView.swift in Sources */,
				099AC76726FADB1500AA0023 /* MatchList.swift in Sources */,
				09F0B85126E1B21A006160CB /* CreateCompView.swift in Sources */,
				09DFC24526DCB8500055DD50 /* LoginView.swift in Sources */,
				0936385426DDE16A0009FF06 /* UserManager.swift in Sources */,
				09DFC24326DCB8500055DD50 /* TennisApp.swift in Sources */,
				09F0B84A26E1A0B8006160CB /* CompsView.swift in Sources */,
				0936385026DDD8F10009FF06 /* ViewExtensions.swift in Sources */,
				09F0B85326E1DDE3006160CB /* CompetitionView.swift in Sources */,
				09F0B84F26E1B09D006160CB /* AlertView.swift in Sources */,
				093638B826E113DC0009FF06 /* ViewModel.swift in Sources */,
				0936385226DDDD3F0009FF06 /* SignUpView.swift in Sources */,
				0961660D26EB143600AB2462 /* ProfileView.swift in Sources */,
				09F0B85626E1F92C006160CB /* MatchView.swift in Sources */,
			);
			runOnlyForDeploymentPostprocessing = 0;
		};
		09DFC24C26DCB8550055DD50 /* Sources */ = {
			isa = PBXSourcesBuildPhase;
			buildActionMask = 2147483647;
			files = (
				09DFC25526DCB8550055DD50 /* TennisTests.swift in Sources */,
			);
			runOnlyForDeploymentPostprocessing = 0;
		};
		09DFC25726DCB8550055DD50 /* Sources */ = {
			isa = PBXSourcesBuildPhase;
			buildActionMask = 2147483647;
			files = (
				09DFC26026DCB8550055DD50 /* TennisUITests.swift in Sources */,
			);
			runOnlyForDeploymentPostprocessing = 0;
		};
/* End PBXSourcesBuildPhase section */

/* Begin PBXTargetDependency section */
		095B1E5926EED368005EB7B1 /* PBXTargetDependency */ = {
			isa = PBXTargetDependency;
			target = 095B1E5526EED368005EB7B1 /* Watch Extension */;
			targetProxy = 095B1E5826EED368005EB7B1 /* PBXContainerItemProxy */;
		};
		095B1E7226EED36A005EB7B1 /* PBXTargetDependency */ = {
			isa = PBXTargetDependency;
			target = 095B1E5526EED368005EB7B1 /* Watch Extension */;
			targetProxy = 095B1E7126EED36A005EB7B1 /* PBXContainerItemProxy */;
		};
		095B1E7C26EED36A005EB7B1 /* PBXTargetDependency */ = {
			isa = PBXTargetDependency;
			target = 095B1E4D26EED365005EB7B1 /* Watch */;
			targetProxy = 095B1E7B26EED36A005EB7B1 /* PBXContainerItemProxy */;
		};
		095B1E8326EED36A005EB7B1 /* PBXTargetDependency */ = {
			isa = PBXTargetDependency;
			target = 095B1E4D26EED365005EB7B1 /* Watch */;
			targetProxy = 095B1E8226EED36A005EB7B1 /* PBXContainerItemProxy */;
		};
		09DFC25226DCB8550055DD50 /* PBXTargetDependency */ = {
			isa = PBXTargetDependency;
			target = 09DFC23E26DCB8500055DD50 /* Tennis */;
			targetProxy = 09DFC25126DCB8550055DD50 /* PBXContainerItemProxy */;
		};
		09DFC25D26DCB8550055DD50 /* PBXTargetDependency */ = {
			isa = PBXTargetDependency;
			target = 09DFC23E26DCB8500055DD50 /* Tennis */;
			targetProxy = 09DFC25C26DCB8550055DD50 /* PBXContainerItemProxy */;
		};
/* End PBXTargetDependency section */

/* Begin XCBuildConfiguration section */
		095B1E8626EED36A005EB7B1 /* Debug */ = {
			isa = XCBuildConfiguration;
			buildSettings = {
				ALWAYS_EMBED_SWIFT_STANDARD_LIBRARIES = YES;
				ASSETCATALOG_COMPILER_APPICON_NAME = AppIcon;
				ASSETCATALOG_COMPILER_GLOBAL_ACCENT_COLOR_NAME = AccentColor;
				CLANG_CXX_LANGUAGE_STANDARD = "gnu++17";
				CODE_SIGN_STYLE = Automatic;
				CURRENT_PROJECT_VERSION = 1;
				DEVELOPMENT_TEAM = U3ZPB6U89W;
				GENERATE_INFOPLIST_FILE = YES;
				IBSC_MODULE = Watch_Extension;
				INFOPLIST_KEY_CFBundleDisplayName = Watch;
				INFOPLIST_KEY_UISupportedInterfaceOrientations = "UIInterfaceOrientationPortrait UIInterfaceOrientationPortraitUpsideDown";
				INFOPLIST_KEY_WKCompanionAppBundleIdentifier = com.byatt.Tennis;
				MARKETING_VERSION = 1.0;
				PRODUCT_BUNDLE_IDENTIFIER = com.byatt.Tennis.watchkitapp;
				PRODUCT_NAME = "$(TARGET_NAME)";
				SDKROOT = watchos;
				SKIP_INSTALL = YES;
				SWIFT_EMIT_LOC_STRINGS = YES;
				SWIFT_VERSION = 5.0;
				TARGETED_DEVICE_FAMILY = 4;
				WATCHOS_DEPLOYMENT_TARGET = 7.4;
			};
			name = Debug;
		};
		095B1E8726EED36A005EB7B1 /* Release */ = {
			isa = XCBuildConfiguration;
			buildSettings = {
				ALWAYS_EMBED_SWIFT_STANDARD_LIBRARIES = YES;
				ASSETCATALOG_COMPILER_APPICON_NAME = AppIcon;
				ASSETCATALOG_COMPILER_GLOBAL_ACCENT_COLOR_NAME = AccentColor;
				CLANG_CXX_LANGUAGE_STANDARD = "gnu++17";
				CODE_SIGN_STYLE = Automatic;
				CURRENT_PROJECT_VERSION = 1;
				DEVELOPMENT_TEAM = U3ZPB6U89W;
				GENERATE_INFOPLIST_FILE = YES;
				IBSC_MODULE = Watch_Extension;
				INFOPLIST_KEY_CFBundleDisplayName = Watch;
				INFOPLIST_KEY_UISupportedInterfaceOrientations = "UIInterfaceOrientationPortrait UIInterfaceOrientationPortraitUpsideDown";
				INFOPLIST_KEY_WKCompanionAppBundleIdentifier = com.byatt.Tennis;
				MARKETING_VERSION = 1.0;
				PRODUCT_BUNDLE_IDENTIFIER = com.byatt.Tennis.watchkitapp;
				PRODUCT_NAME = "$(TARGET_NAME)";
				SDKROOT = watchos;
				SKIP_INSTALL = YES;
				SWIFT_EMIT_LOC_STRINGS = YES;
				SWIFT_VERSION = 5.0;
				TARGETED_DEVICE_FAMILY = 4;
				WATCHOS_DEPLOYMENT_TARGET = 7.4;
			};
			name = Release;
		};
		095B1E8926EED36A005EB7B1 /* Debug */ = {
			isa = XCBuildConfiguration;
			buildSettings = {
				ASSETCATALOG_COMPILER_COMPLICATION_NAME = Complication;
				CLANG_CXX_LANGUAGE_STANDARD = "gnu++17";
				CODE_SIGN_STYLE = Automatic;
				CURRENT_PROJECT_VERSION = 1;
				DEVELOPMENT_ASSET_PATHS = "\"Watch Extension/Preview Content\"";
				DEVELOPMENT_TEAM = U3ZPB6U89W;
				ENABLE_PREVIEWS = YES;
				GENERATE_INFOPLIST_FILE = YES;
				INFOPLIST_FILE = "Watch Extension/Info.plist";
				INFOPLIST_KEY_CFBundleDisplayName = "Watch Extension";
				INFOPLIST_KEY_CLKComplicationPrincipalClass = "$(PRODUCT_MODULE_NAME).ComplicationController";
				INFOPLIST_KEY_NSHumanReadableCopyright = "";
				LD_RUNPATH_SEARCH_PATHS = (
					"$(inherited)",
					"@executable_path/Frameworks",
					"@executable_path/../../Frameworks",
				);
				MARKETING_VERSION = 1.0;
				PRODUCT_BUNDLE_IDENTIFIER = com.byatt.Tennis.watchkitapp.watchkitextension;
				PRODUCT_NAME = "${TARGET_NAME}";
				SDKROOT = watchos;
				SKIP_INSTALL = YES;
				SWIFT_EMIT_LOC_STRINGS = YES;
				SWIFT_VERSION = 5.0;
				TARGETED_DEVICE_FAMILY = 4;
				WATCHOS_DEPLOYMENT_TARGET = 7.4;
			};
			name = Debug;
		};
		095B1E8A26EED36A005EB7B1 /* Release */ = {
			isa = XCBuildConfiguration;
			buildSettings = {
				ASSETCATALOG_COMPILER_COMPLICATION_NAME = Complication;
				CLANG_CXX_LANGUAGE_STANDARD = "gnu++17";
				CODE_SIGN_STYLE = Automatic;
				CURRENT_PROJECT_VERSION = 1;
				DEVELOPMENT_ASSET_PATHS = "\"Watch Extension/Preview Content\"";
				DEVELOPMENT_TEAM = U3ZPB6U89W;
				ENABLE_PREVIEWS = YES;
				GENERATE_INFOPLIST_FILE = YES;
				INFOPLIST_FILE = "Watch Extension/Info.plist";
				INFOPLIST_KEY_CFBundleDisplayName = "Watch Extension";
				INFOPLIST_KEY_CLKComplicationPrincipalClass = "$(PRODUCT_MODULE_NAME).ComplicationController";
				INFOPLIST_KEY_NSHumanReadableCopyright = "";
				LD_RUNPATH_SEARCH_PATHS = (
					"$(inherited)",
					"@executable_path/Frameworks",
					"@executable_path/../../Frameworks",
				);
				MARKETING_VERSION = 1.0;
				PRODUCT_BUNDLE_IDENTIFIER = com.byatt.Tennis.watchkitapp.watchkitextension;
				PRODUCT_NAME = "${TARGET_NAME}";
				SDKROOT = watchos;
				SKIP_INSTALL = YES;
				SWIFT_EMIT_LOC_STRINGS = YES;
				SWIFT_VERSION = 5.0;
				TARGETED_DEVICE_FAMILY = 4;
				WATCHOS_DEPLOYMENT_TARGET = 7.4;
			};
			name = Release;
		};
		095B1E8B26EED36A005EB7B1 /* Debug */ = {
			isa = XCBuildConfiguration;
			buildSettings = {
				ALWAYS_EMBED_SWIFT_STANDARD_LIBRARIES = YES;
				BUNDLE_LOADER = "$(TEST_HOST)";
				CLANG_CXX_LANGUAGE_STANDARD = "gnu++17";
				CODE_SIGN_STYLE = Automatic;
				CURRENT_PROJECT_VERSION = 1;
				DEVELOPMENT_TEAM = U3ZPB6U89W;
				GENERATE_INFOPLIST_FILE = YES;
				LD_RUNPATH_SEARCH_PATHS = (
					"$(inherited)",
					"@executable_path/Frameworks",
					"@loader_path/Frameworks",
				);
				MARKETING_VERSION = 1.0;
				PRODUCT_BUNDLE_IDENTIFIER = com.byatt.Tennis.WatchTests;
				PRODUCT_NAME = "$(TARGET_NAME)";
				SDKROOT = watchos;
				SWIFT_EMIT_LOC_STRINGS = NO;
				SWIFT_VERSION = 5.0;
				TARGETED_DEVICE_FAMILY = 4;
				TEST_HOST = "$(BUILT_PRODUCTS_DIR)/Watch Extension.appex/Watch Extension";
				WATCHOS_DEPLOYMENT_TARGET = 8.0;
			};
			name = Debug;
		};
		095B1E8C26EED36A005EB7B1 /* Release */ = {
			isa = XCBuildConfiguration;
			buildSettings = {
				ALWAYS_EMBED_SWIFT_STANDARD_LIBRARIES = YES;
				BUNDLE_LOADER = "$(TEST_HOST)";
				CLANG_CXX_LANGUAGE_STANDARD = "gnu++17";
				CODE_SIGN_STYLE = Automatic;
				CURRENT_PROJECT_VERSION = 1;
				DEVELOPMENT_TEAM = U3ZPB6U89W;
				GENERATE_INFOPLIST_FILE = YES;
				LD_RUNPATH_SEARCH_PATHS = (
					"$(inherited)",
					"@executable_path/Frameworks",
					"@loader_path/Frameworks",
				);
				MARKETING_VERSION = 1.0;
				PRODUCT_BUNDLE_IDENTIFIER = com.byatt.Tennis.WatchTests;
				PRODUCT_NAME = "$(TARGET_NAME)";
				SDKROOT = watchos;
				SWIFT_EMIT_LOC_STRINGS = NO;
				SWIFT_VERSION = 5.0;
				TARGETED_DEVICE_FAMILY = 4;
				TEST_HOST = "$(BUILT_PRODUCTS_DIR)/Watch Extension.appex/Watch Extension";
				WATCHOS_DEPLOYMENT_TARGET = 8.0;
			};
			name = Release;
		};
		095B1E8D26EED36A005EB7B1 /* Debug */ = {
			isa = XCBuildConfiguration;
			buildSettings = {
				CLANG_CXX_LANGUAGE_STANDARD = "gnu++17";
				CODE_SIGN_STYLE = Automatic;
				CURRENT_PROJECT_VERSION = 1;
				DEVELOPMENT_TEAM = U3ZPB6U89W;
				GENERATE_INFOPLIST_FILE = YES;
				LD_RUNPATH_SEARCH_PATHS = (
					"$(inherited)",
					"@executable_path/Frameworks",
					"@loader_path/Frameworks",
				);
				MARKETING_VERSION = 1.0;
				PRODUCT_BUNDLE_IDENTIFIER = com.byatt.Tennis.WatchUITests;
				PRODUCT_NAME = "$(TARGET_NAME)";
				SDKROOT = watchos;
				SWIFT_EMIT_LOC_STRINGS = NO;
				SWIFT_VERSION = 5.0;
				TARGETED_DEVICE_FAMILY = 4;
				TEST_TARGET_NAME = Watch;
				WATCHOS_DEPLOYMENT_TARGET = 8.0;
			};
			name = Debug;
		};
		095B1E8E26EED36A005EB7B1 /* Release */ = {
			isa = XCBuildConfiguration;
			buildSettings = {
				CLANG_CXX_LANGUAGE_STANDARD = "gnu++17";
				CODE_SIGN_STYLE = Automatic;
				CURRENT_PROJECT_VERSION = 1;
				DEVELOPMENT_TEAM = U3ZPB6U89W;
				GENERATE_INFOPLIST_FILE = YES;
				LD_RUNPATH_SEARCH_PATHS = (
					"$(inherited)",
					"@executable_path/Frameworks",
					"@loader_path/Frameworks",
				);
				MARKETING_VERSION = 1.0;
				PRODUCT_BUNDLE_IDENTIFIER = com.byatt.Tennis.WatchUITests;
				PRODUCT_NAME = "$(TARGET_NAME)";
				SDKROOT = watchos;
				SWIFT_EMIT_LOC_STRINGS = NO;
				SWIFT_VERSION = 5.0;
				TARGETED_DEVICE_FAMILY = 4;
				TEST_TARGET_NAME = Watch;
				WATCHOS_DEPLOYMENT_TARGET = 8.0;
			};
			name = Release;
		};
		09DFC26226DCB8550055DD50 /* Debug */ = {
			isa = XCBuildConfiguration;
			buildSettings = {
				ALWAYS_SEARCH_USER_PATHS = NO;
				CLANG_ANALYZER_NONNULL = YES;
				CLANG_ANALYZER_NUMBER_OBJECT_CONVERSION = YES_AGGRESSIVE;
				CLANG_CXX_LANGUAGE_STANDARD = "gnu++14";
				CLANG_CXX_LIBRARY = "libc++";
				CLANG_ENABLE_MODULES = YES;
				CLANG_ENABLE_OBJC_ARC = YES;
				CLANG_ENABLE_OBJC_WEAK = YES;
				CLANG_WARN_BLOCK_CAPTURE_AUTORELEASING = YES;
				CLANG_WARN_BOOL_CONVERSION = YES;
				CLANG_WARN_COMMA = YES;
				CLANG_WARN_CONSTANT_CONVERSION = YES;
				CLANG_WARN_DEPRECATED_OBJC_IMPLEMENTATIONS = YES;
				CLANG_WARN_DIRECT_OBJC_ISA_USAGE = YES_ERROR;
				CLANG_WARN_DOCUMENTATION_COMMENTS = YES;
				CLANG_WARN_EMPTY_BODY = YES;
				CLANG_WARN_ENUM_CONVERSION = YES;
				CLANG_WARN_INFINITE_RECURSION = YES;
				CLANG_WARN_INT_CONVERSION = YES;
				CLANG_WARN_NON_LITERAL_NULL_CONVERSION = YES;
				CLANG_WARN_OBJC_IMPLICIT_RETAIN_SELF = YES;
				CLANG_WARN_OBJC_LITERAL_CONVERSION = YES;
				CLANG_WARN_OBJC_ROOT_CLASS = YES_ERROR;
				CLANG_WARN_QUOTED_INCLUDE_IN_FRAMEWORK_HEADER = YES;
				CLANG_WARN_RANGE_LOOP_ANALYSIS = YES;
				CLANG_WARN_STRICT_PROTOTYPES = YES;
				CLANG_WARN_SUSPICIOUS_MOVE = YES;
				CLANG_WARN_UNGUARDED_AVAILABILITY = YES_AGGRESSIVE;
				CLANG_WARN_UNREACHABLE_CODE = YES;
				CLANG_WARN__DUPLICATE_METHOD_MATCH = YES;
				COPY_PHASE_STRIP = NO;
				DEBUG_INFORMATION_FORMAT = dwarf;
				ENABLE_STRICT_OBJC_MSGSEND = YES;
				ENABLE_TESTABILITY = YES;
				GCC_C_LANGUAGE_STANDARD = gnu11;
				GCC_DYNAMIC_NO_PIC = NO;
				GCC_NO_COMMON_BLOCKS = YES;
				GCC_OPTIMIZATION_LEVEL = 0;
				GCC_PREPROCESSOR_DEFINITIONS = (
					"DEBUG=1",
					"$(inherited)",
				);
				GCC_WARN_64_TO_32_BIT_CONVERSION = YES;
				GCC_WARN_ABOUT_RETURN_TYPE = YES_ERROR;
				GCC_WARN_UNDECLARED_SELECTOR = YES;
				GCC_WARN_UNINITIALIZED_AUTOS = YES_AGGRESSIVE;
				GCC_WARN_UNUSED_FUNCTION = YES;
				GCC_WARN_UNUSED_VARIABLE = YES;
				IPHONEOS_DEPLOYMENT_TARGET = 15.0;
				MTL_ENABLE_DEBUG_INFO = INCLUDE_SOURCE;
				MTL_FAST_MATH = YES;
				ONLY_ACTIVE_ARCH = YES;
				SDKROOT = iphoneos;
				SWIFT_ACTIVE_COMPILATION_CONDITIONS = DEBUG;
				SWIFT_OPTIMIZATION_LEVEL = "-Onone";
			};
			name = Debug;
		};
		09DFC26326DCB8550055DD50 /* Release */ = {
			isa = XCBuildConfiguration;
			buildSettings = {
				ALWAYS_SEARCH_USER_PATHS = NO;
				CLANG_ANALYZER_NONNULL = YES;
				CLANG_ANALYZER_NUMBER_OBJECT_CONVERSION = YES_AGGRESSIVE;
				CLANG_CXX_LANGUAGE_STANDARD = "gnu++14";
				CLANG_CXX_LIBRARY = "libc++";
				CLANG_ENABLE_MODULES = YES;
				CLANG_ENABLE_OBJC_ARC = YES;
				CLANG_ENABLE_OBJC_WEAK = YES;
				CLANG_WARN_BLOCK_CAPTURE_AUTORELEASING = YES;
				CLANG_WARN_BOOL_CONVERSION = YES;
				CLANG_WARN_COMMA = YES;
				CLANG_WARN_CONSTANT_CONVERSION = YES;
				CLANG_WARN_DEPRECATED_OBJC_IMPLEMENTATIONS = YES;
				CLANG_WARN_DIRECT_OBJC_ISA_USAGE = YES_ERROR;
				CLANG_WARN_DOCUMENTATION_COMMENTS = YES;
				CLANG_WARN_EMPTY_BODY = YES;
				CLANG_WARN_ENUM_CONVERSION = YES;
				CLANG_WARN_INFINITE_RECURSION = YES;
				CLANG_WARN_INT_CONVERSION = YES;
				CLANG_WARN_NON_LITERAL_NULL_CONVERSION = YES;
				CLANG_WARN_OBJC_IMPLICIT_RETAIN_SELF = YES;
				CLANG_WARN_OBJC_LITERAL_CONVERSION = YES;
				CLANG_WARN_OBJC_ROOT_CLASS = YES_ERROR;
				CLANG_WARN_QUOTED_INCLUDE_IN_FRAMEWORK_HEADER = YES;
				CLANG_WARN_RANGE_LOOP_ANALYSIS = YES;
				CLANG_WARN_STRICT_PROTOTYPES = YES;
				CLANG_WARN_SUSPICIOUS_MOVE = YES;
				CLANG_WARN_UNGUARDED_AVAILABILITY = YES_AGGRESSIVE;
				CLANG_WARN_UNREACHABLE_CODE = YES;
				CLANG_WARN__DUPLICATE_METHOD_MATCH = YES;
				COPY_PHASE_STRIP = NO;
				DEBUG_INFORMATION_FORMAT = "dwarf-with-dsym";
				ENABLE_NS_ASSERTIONS = NO;
				ENABLE_STRICT_OBJC_MSGSEND = YES;
				GCC_C_LANGUAGE_STANDARD = gnu11;
				GCC_NO_COMMON_BLOCKS = YES;
				GCC_WARN_64_TO_32_BIT_CONVERSION = YES;
				GCC_WARN_ABOUT_RETURN_TYPE = YES_ERROR;
				GCC_WARN_UNDECLARED_SELECTOR = YES;
				GCC_WARN_UNINITIALIZED_AUTOS = YES_AGGRESSIVE;
				GCC_WARN_UNUSED_FUNCTION = YES;
				GCC_WARN_UNUSED_VARIABLE = YES;
				IPHONEOS_DEPLOYMENT_TARGET = 15.0;
				MTL_ENABLE_DEBUG_INFO = NO;
				MTL_FAST_MATH = YES;
				SDKROOT = iphoneos;
				SWIFT_COMPILATION_MODE = wholemodule;
				SWIFT_OPTIMIZATION_LEVEL = "-O";
				VALIDATE_PRODUCT = YES;
			};
			name = Release;
		};
		09DFC26526DCB8550055DD50 /* Debug */ = {
			isa = XCBuildConfiguration;
			buildSettings = {
				ASSETCATALOG_COMPILER_APPICON_NAME = AppIcon;
				ASSETCATALOG_COMPILER_GLOBAL_ACCENT_COLOR_NAME = AccentColor;
				CODE_SIGN_ENTITLEMENTS = Tennis/Tennis.entitlements;
				CODE_SIGN_STYLE = Automatic;
				DEVELOPMENT_ASSET_PATHS = "\"Tennis/Preview Content\"";
				DEVELOPMENT_TEAM = U3ZPB6U89W;
				ENABLE_PREVIEWS = YES;
				FRAMEWORK_SEARCH_PATHS = (
					"$(inherited)",
					"$(PROJECT_DIR)/Carthage/Build/iOS",
				);
				INFOPLIST_FILE = Tennis/Info.plist;
				IPHONEOS_DEPLOYMENT_TARGET = 15.0;
				LD_RUNPATH_SEARCH_PATHS = (
					"$(inherited)",
					"@executable_path/Frameworks",
				);
				PRODUCT_BUNDLE_IDENTIFIER = com.byatt.Tennis;
				PRODUCT_NAME = "$(TARGET_NAME)";
				SWIFT_VERSION = 5.0;
				TARGETED_DEVICE_FAMILY = 1;
			};
			name = Debug;
		};
		09DFC26626DCB8550055DD50 /* Release */ = {
			isa = XCBuildConfiguration;
			buildSettings = {
				ASSETCATALOG_COMPILER_APPICON_NAME = AppIcon;
				ASSETCATALOG_COMPILER_GLOBAL_ACCENT_COLOR_NAME = AccentColor;
				CODE_SIGN_ENTITLEMENTS = Tennis/Tennis.entitlements;
				CODE_SIGN_STYLE = Automatic;
				DEVELOPMENT_ASSET_PATHS = "\"Tennis/Preview Content\"";
				DEVELOPMENT_TEAM = U3ZPB6U89W;
				ENABLE_PREVIEWS = YES;
				FRAMEWORK_SEARCH_PATHS = (
					"$(inherited)",
					"$(PROJECT_DIR)/Carthage/Build/iOS",
				);
				INFOPLIST_FILE = Tennis/Info.plist;
				IPHONEOS_DEPLOYMENT_TARGET = 15.0;
				LD_RUNPATH_SEARCH_PATHS = (
					"$(inherited)",
					"@executable_path/Frameworks",
				);
				PRODUCT_BUNDLE_IDENTIFIER = com.byatt.Tennis;
				PRODUCT_NAME = "$(TARGET_NAME)";
				SWIFT_VERSION = 5.0;
				TARGETED_DEVICE_FAMILY = 1;
			};
			name = Release;
		};
		09DFC26826DCB8550055DD50 /* Debug */ = {
			isa = XCBuildConfiguration;
			buildSettings = {
				ALWAYS_EMBED_SWIFT_STANDARD_LIBRARIES = YES;
				BUNDLE_LOADER = "$(TEST_HOST)";
				CODE_SIGN_STYLE = Automatic;
				DEVELOPMENT_TEAM = U3ZPB6U89W;
				INFOPLIST_FILE = TennisTests/Info.plist;
				IPHONEOS_DEPLOYMENT_TARGET = 14.0;
				LD_RUNPATH_SEARCH_PATHS = (
					"$(inherited)",
					"@executable_path/Frameworks",
					"@loader_path/Frameworks",
				);
				PRODUCT_BUNDLE_IDENTIFIER = com.byatt.TennisTests;
				PRODUCT_NAME = "$(TARGET_NAME)";
				SWIFT_VERSION = 5.0;
				TARGETED_DEVICE_FAMILY = "1,2";
				TEST_HOST = "$(BUILT_PRODUCTS_DIR)/Tennis.app/Tennis";
			};
			name = Debug;
		};
		09DFC26926DCB8550055DD50 /* Release */ = {
			isa = XCBuildConfiguration;
			buildSettings = {
				ALWAYS_EMBED_SWIFT_STANDARD_LIBRARIES = YES;
				BUNDLE_LOADER = "$(TEST_HOST)";
				CODE_SIGN_STYLE = Automatic;
				DEVELOPMENT_TEAM = U3ZPB6U89W;
				INFOPLIST_FILE = TennisTests/Info.plist;
				IPHONEOS_DEPLOYMENT_TARGET = 14.0;
				LD_RUNPATH_SEARCH_PATHS = (
					"$(inherited)",
					"@executable_path/Frameworks",
					"@loader_path/Frameworks",
				);
				PRODUCT_BUNDLE_IDENTIFIER = com.byatt.TennisTests;
				PRODUCT_NAME = "$(TARGET_NAME)";
				SWIFT_VERSION = 5.0;
				TARGETED_DEVICE_FAMILY = "1,2";
				TEST_HOST = "$(BUILT_PRODUCTS_DIR)/Tennis.app/Tennis";
			};
			name = Release;
		};
		09DFC26B26DCB8550055DD50 /* Debug */ = {
			isa = XCBuildConfiguration;
			buildSettings = {
				ALWAYS_EMBED_SWIFT_STANDARD_LIBRARIES = YES;
				CODE_SIGN_STYLE = Automatic;
				DEVELOPMENT_TEAM = U3ZPB6U89W;
				INFOPLIST_FILE = TennisUITests/Info.plist;
				LD_RUNPATH_SEARCH_PATHS = (
					"$(inherited)",
					"@executable_path/Frameworks",
					"@loader_path/Frameworks",
				);
				PRODUCT_BUNDLE_IDENTIFIER = com.byatt.TennisUITests;
				PRODUCT_NAME = "$(TARGET_NAME)";
				SWIFT_VERSION = 5.0;
				TARGETED_DEVICE_FAMILY = "1,2";
				TEST_TARGET_NAME = Tennis;
			};
			name = Debug;
		};
		09DFC26C26DCB8550055DD50 /* Release */ = {
			isa = XCBuildConfiguration;
			buildSettings = {
				ALWAYS_EMBED_SWIFT_STANDARD_LIBRARIES = YES;
				CODE_SIGN_STYLE = Automatic;
				DEVELOPMENT_TEAM = U3ZPB6U89W;
				INFOPLIST_FILE = TennisUITests/Info.plist;
				LD_RUNPATH_SEARCH_PATHS = (
					"$(inherited)",
					"@executable_path/Frameworks",
					"@loader_path/Frameworks",
				);
				PRODUCT_BUNDLE_IDENTIFIER = com.byatt.TennisUITests;
				PRODUCT_NAME = "$(TARGET_NAME)";
				SWIFT_VERSION = 5.0;
				TARGETED_DEVICE_FAMILY = "1,2";
				TEST_TARGET_NAME = Tennis;
			};
			name = Release;
		};
/* End XCBuildConfiguration section */

/* Begin XCConfigurationList section */
		095B1E8F26EED36A005EB7B1 /* Build configuration list for PBXNativeTarget "Watch Extension" */ = {
			isa = XCConfigurationList;
			buildConfigurations = (
				095B1E8926EED36A005EB7B1 /* Debug */,
				095B1E8A26EED36A005EB7B1 /* Release */,
			);
			defaultConfigurationIsVisible = 0;
			defaultConfigurationName = Release;
		};
		095B1E9026EED36A005EB7B1 /* Build configuration list for PBXNativeTarget "Watch" */ = {
			isa = XCConfigurationList;
			buildConfigurations = (
				095B1E8626EED36A005EB7B1 /* Debug */,
				095B1E8726EED36A005EB7B1 /* Release */,
			);
			defaultConfigurationIsVisible = 0;
			defaultConfigurationName = Release;
		};
		095B1E9126EED36A005EB7B1 /* Build configuration list for PBXNativeTarget "WatchTests" */ = {
			isa = XCConfigurationList;
			buildConfigurations = (
				095B1E8B26EED36A005EB7B1 /* Debug */,
				095B1E8C26EED36A005EB7B1 /* Release */,
			);
			defaultConfigurationIsVisible = 0;
			defaultConfigurationName = Release;
		};
		095B1E9226EED36A005EB7B1 /* Build configuration list for PBXNativeTarget "WatchUITests" */ = {
			isa = XCConfigurationList;
			buildConfigurations = (
				095B1E8D26EED36A005EB7B1 /* Debug */,
				095B1E8E26EED36A005EB7B1 /* Release */,
			);
			defaultConfigurationIsVisible = 0;
			defaultConfigurationName = Release;
		};
		09DFC23A26DCB8500055DD50 /* Build configuration list for PBXProject "Tennis" */ = {
			isa = XCConfigurationList;
			buildConfigurations = (
				09DFC26226DCB8550055DD50 /* Debug */,
				09DFC26326DCB8550055DD50 /* Release */,
			);
			defaultConfigurationIsVisible = 0;
			defaultConfigurationName = Release;
		};
		09DFC26426DCB8550055DD50 /* Build configuration list for PBXNativeTarget "Tennis" */ = {
			isa = XCConfigurationList;
			buildConfigurations = (
				09DFC26526DCB8550055DD50 /* Debug */,
				09DFC26626DCB8550055DD50 /* Release */,
			);
			defaultConfigurationIsVisible = 0;
			defaultConfigurationName = Release;
		};
		09DFC26726DCB8550055DD50 /* Build configuration list for PBXNativeTarget "TennisTests" */ = {
			isa = XCConfigurationList;
			buildConfigurations = (
				09DFC26826DCB8550055DD50 /* Debug */,
				09DFC26926DCB8550055DD50 /* Release */,
			);
			defaultConfigurationIsVisible = 0;
			defaultConfigurationName = Release;
		};
		09DFC26A26DCB8550055DD50 /* Build configuration list for PBXNativeTarget "TennisUITests" */ = {
			isa = XCConfigurationList;
			buildConfigurations = (
				09DFC26B26DCB8550055DD50 /* Debug */,
				09DFC26C26DCB8550055DD50 /* Release */,
			);
			defaultConfigurationIsVisible = 0;
			defaultConfigurationName = Release;
		};
/* End XCConfigurationList section */

/* Begin XCRemoteSwiftPackageReference section */
		093638B426E112FB0009FF06 /* XCRemoteSwiftPackageReference "tennis-api-swift-sdk" */ = {
			isa = XCRemoteSwiftPackageReference;
			repositoryURL = "https://github.com/stevebyatt10/tennis-api-swift-sdk.git";
			requirement = {
				branch = master;
				kind = branch;
			};
		};
		09DFC2C726DCD7340055DD50 /* XCRemoteSwiftPackageReference "keychain-swift" */ = {
			isa = XCRemoteSwiftPackageReference;
			repositoryURL = "https://github.com/evgenyneu/keychain-swift.git";
			requirement = {
				kind = upToNextMajorVersion;
				minimumVersion = 19.0.0;
			};
		};
		09F0B84B26E1A3B5006160CB /* XCRemoteSwiftPackageReference "ActivityIndicator" */ = {
			isa = XCRemoteSwiftPackageReference;
			repositoryURL = "https://github.com/duyquang91/ActivityIndicator";
			requirement = {
				kind = upToNextMajorVersion;
				minimumVersion = 1.1.0;
			};
		};
/* End XCRemoteSwiftPackageReference section */

/* Begin XCSwiftPackageProductDependency section */
		093638B526E112FB0009FF06 /* TennisAPI */ = {
			isa = XCSwiftPackageProductDependency;
			package = 093638B426E112FB0009FF06 /* XCRemoteSwiftPackageReference "tennis-api-swift-sdk" */;
			productName = TennisAPI;
		};
		09DFC2C826DCD7340055DD50 /* KeychainSwift */ = {
			isa = XCSwiftPackageProductDependency;
			package = 09DFC2C726DCD7340055DD50 /* XCRemoteSwiftPackageReference "keychain-swift" */;
			productName = KeychainSwift;
		};
		09F0B84C26E1A3B5006160CB /* ActivityIndicator */ = {
			isa = XCSwiftPackageProductDependency;
			package = 09F0B84B26E1A3B5006160CB /* XCRemoteSwiftPackageReference "ActivityIndicator" */;
			productName = ActivityIndicator;
		};
/* End XCSwiftPackageProductDependency section */
	};
	rootObject = 09DFC23726DCB8500055DD50 /* Project object */;
}
